
Microsoft Visual Studio Solution File, Format Version 12.00
# Visual Studio Version 17
VisualStudioVersion = 17.6.33815.320
MinimumVisualStudioVersion = 10.0.40219.1
Project("{FAE04EC0-301F-11D3-BF4B-00C04F79EFBC}") = "GZipTool", "GZipTool\GZipTool.csproj", "{DF249CEC-81BA-4228-8BD4-1E3DECD089AF}"
EndProject
Project("{FAE04EC0-301F-11D3-BF4B-00C04F79EFBC}") = "GZipTool.Core", "GZipTool.Core\GZipTool.Core.csproj", "{272DC296-55C1-40D9-9DEC-9284400E9621}"
EndProject
Project("{FAE04EC0-301F-11D3-BF4B-00C04F79EFBC}") = "GZipTool.Test", "GZipTool.Test\GZipTool.Test.csproj", "{4EB7BE22-B9A4-4661-A5DC-732D6AC6B2A8}"
EndProject
Global
	GlobalSection(SolutionConfigurationPlatforms) = preSolution
		Debug|Any CPU = Debug|Any CPU
		Release|Any CPU = Release|Any CPU
	EndGlobalSection
	GlobalSection(ProjectConfigurationPlatforms) = postSolution
		{DF249CEC-81BA-4228-8BD4-1E3DECD089AF}.Debug|Any CPU.ActiveCfg = Debug|Any CPU
		{DF249CEC-81BA-4228-8BD4-1E3DECD089AF}.Debug|Any CPU.Build.0 = Debug|Any CPU
		{DF249CEC-81BA-4228-8BD4-1E3DECD089AF}.Release|Any CPU.ActiveCfg = Release|Any CPU
		{DF249CEC-81BA-4228-8BD4-1E3DECD089AF}.Release|Any CPU.Build.0 = Release|Any CPU
		{272DC296-55C1-40D9-9DEC-9284400E9621}.Debug|Any CPU.ActiveCfg = Debug|Any CPU
		{272DC296-55C1-40D9-9DEC-9284400E9621}.Debug|Any CPU.Build.0 = Debug|Any CPU
		{272DC296-55C1-40D9-9DEC-9284400E9621}.Release|Any CPU.ActiveCfg = Release|Any CPU
		{272DC296-55C1-40D9-9DEC-9284400E9621}.Release|Any CPU.Build.0 = Release|Any CPU
		{4EB7BE22-B9A4-4661-A5DC-732D6AC6B2A8}.Debug|Any CPU.ActiveCfg = Debug|Any CPU
		{4EB7BE22-B9A4-4661-A5DC-732D6AC6B2A8}.Debug|Any CPU.Build.0 = Debug|Any CPU
		{4EB7BE22-B9A4-4661-A5DC-732D6AC6B2A8}.Release|Any CPU.ActiveCfg = Release|Any CPU
		{4EB7BE22-B9A4-4661-A5DC-732D6AC6B2A8}.Release|Any CPU.Build.0 = Release|Any CPU
	EndGlobalSection
	GlobalSection(SolutionProperties) = preSolution
		HideSolutionNode = FALSE
	EndGlobalSection
	GlobalSection(ExtensibilityGlobals) = postSolution
		SolutionGuid = {90ACFA53-2268-479F-BB3F-97D4060C3F34}
	EndGlobalSection
EndGlobal
