
Microsoft Visual Studio Solution File, Format Version 12.00
# Visual Studio Version 16
VisualStudioVersion = 16.0.30804.86
MinimumVisualStudioVersion = 10.0.40219.1
Project("{9A19103F-16F7-4668-BE54-9A1E7A4F7556}") = "GzipTool", "GZipTool\GzipTool.csproj", "{35241C4C-178B-4D5D-9E33-3B9C7DC2CC3B}"
EndProject
Project("{9A19103F-16F7-4668-BE54-9A1E7A4F7556}") = "GZipTool.Test", "GZipTool.Test\GZipTool.Test.csproj", "{E57D546A-2D99-43C0-BE90-A61551EA9876}"
EndProject
Project("{9A19103F-16F7-4668-BE54-9A1E7A4F7556}") = "GZipTool.Core", "GZipTool.Core\GZipTool.Core.csproj", "{E397E350-E51A-4BA8-BBBF-C256FBE3A2D4}"
EndProject
Global
	GlobalSection(SolutionConfigurationPlatforms) = preSolution
		Debug|Any CPU = Debug|Any CPU
		Release|Any CPU = Release|Any CPU
	EndGlobalSection
	GlobalSection(ProjectConfigurationPlatforms) = postSolution
		{35241C4C-178B-4D5D-9E33-3B9C7DC2CC3B}.Debug|Any CPU.ActiveCfg = Debug|Any CPU
		{35241C4C-178B-4D5D-9E33-3B9C7DC2CC3B}.Debug|Any CPU.Build.0 = Debug|Any CPU
		{35241C4C-178B-4D5D-9E33-3B9C7DC2CC3B}.Release|Any CPU.ActiveCfg = Release|Any CPU
		{35241C4C-178B-4D5D-9E33-3B9C7DC2CC3B}.Release|Any CPU.Build.0 = Release|Any CPU
		{E57D546A-2D99-43C0-BE90-A61551EA9876}.Debug|Any CPU.ActiveCfg = Debug|Any CPU
		{E57D546A-2D99-43C0-BE90-A61551EA9876}.Debug|Any CPU.Build.0 = Debug|Any CPU
		{E57D546A-2D99-43C0-BE90-A61551EA9876}.Release|Any CPU.ActiveCfg = Release|Any CPU
		{E57D546A-2D99-43C0-BE90-A61551EA9876}.Release|Any CPU.Build.0 = Release|Any CPU
		{E397E350-E51A-4BA8-BBBF-C256FBE3A2D4}.Debug|Any CPU.ActiveCfg = Debug|Any CPU
		{E397E350-E51A-4BA8-BBBF-C256FBE3A2D4}.Debug|Any CPU.Build.0 = Debug|Any CPU
		{E397E350-E51A-4BA8-BBBF-C256FBE3A2D4}.Release|Any CPU.ActiveCfg = Release|Any CPU
		{E397E350-E51A-4BA8-BBBF-C256FBE3A2D4}.Release|Any CPU.Build.0 = Release|Any CPU
	EndGlobalSection
	GlobalSection(SolutionProperties) = preSolution
		HideSolutionNode = FALSE
	EndGlobalSection
	GlobalSection(ExtensibilityGlobals) = postSolution
		SolutionGuid = {93B98AB2-0962-40F0-B765-437C3783DE08}
	EndGlobalSection
EndGlobal
